Microsoft Visual Studio Solution File, Format Version 12.00
# Visual Studio Version 17
VisualStudioVersion = 17.5.2.0
MinimumVisualStudioVersion = 10.0.40219.1
Project("{FAE04EC0-301F-11D3-BF4B-00C04F79EFBC}") = "TestAdvancedBuilder", "TestAdvancedBuilder.csproj", "{7DE98A5E-8619-8BB1-A34A-42323841DEF6}"
EndProject
Global
	GlobalSection(SolutionConfigurationPlatforms) = preSolution
		Debug|Any CPU = Debug|Any CPU
		Release|Any CPU = Release|Any CPU
	EndGlobalSection
	GlobalSection(ProjectConfigurationPlatforms) = postSolution
		{7DE98A5E-8619-8BB1-A34A-42323841DEF6}.Debug|Any CPU.ActiveCfg = Debug|Any CPU
		{7DE98A5E-8619-8BB1-A34A-42323841DEF6}.Debug|Any CPU.Build.0 = Debug|Any CPU
		{7DE98A5E-8619-8BB1-A34A-42323841DEF6}.Release|Any CPU.ActiveCfg = Release|Any CPU
		{7DE98A5E-8619-8BB1-A34A-42323841DEF6}.Release|Any CPU.Build.0 = Release|Any CPU
	EndGlobalSection
	GlobalSection(SolutionProperties) = preSolution
		HideSolutionNode = FALSE
	EndGlobalSection
	GlobalSection(ExtensibilityGlobals) = postSolution
		SolutionGuid = {503B54AD-B75A-442B-913F-A0E2809545DF}
	EndGlobalSection
EndGlobal
